
Microsoft Visual Studio Solution File, Format Version 12.00
# Visual Studio 15
VisualStudioVersion = 15.0.27703.2047
MinimumVisualStudioVersion = 10.0.40219.1
Project("{FAE04EC0-301F-11D3-BF4B-00C04F79EFBC}") = "OOPExample", "OOPExample\OOPExample.csproj", "{EEBDAC02-B01A-486E-A1BB-DE4BCC554B52}"
EndProject
Project("{FAE04EC0-301F-11D3-BF4B-00C04F79EFBC}") = "TypeExample", "TypeExample\TypeExample.csproj", "{FF723917-4C59-4B66-B584-0B1145BD68C0}"
EndProject
Project("{FAE04EC0-301F-11D3-BF4B-00C04F79EFBC}") = "CustomException", "CustomException\CustomException.csproj", "{ACA0DD11-72D9-4388-AC6C-999CA604C4E4}"
EndProject
Project("{FAE04EC0-301F-11D3-BF4B-00C04F79EFBC}") = "GenericCollections", "GenericCollections\GenericCollections.csproj", "{38ED480F-AABB-4FDF-8FCB-FDDEBDCB0F76}"
EndProject
Project("{FAE04EC0-301F-11D3-BF4B-00C04F79EFBC}") = "CustomGenericCollections", "CustomGenericCollections\CustomGenericCollections.csproj", "{2B3C679D-6BAC-4200-9FD1-A3550635135E}"
EndProject
Project("{FAE04EC0-301F-11D3-BF4B-00C04F79EFBC}") = "Delegates", "Delegates\Delegates.csproj", "{6EAD92BA-7AE9-4FBB-9B19-5A6479966094}"
EndProject
Project("{FAE04EC0-301F-11D3-BF4B-00C04F79EFBC}") = "ActionAndFuncDelegates", "ActionAndFuncDelegates\ActionAndFuncDelegates.csproj", "{98AC2087-76E1-4E73-9FFF-7834B15CFAA1}"
EndProject
Project("{FAE04EC0-301F-11D3-BF4B-00C04F79EFBC}") = "CarEvent", "CarEvent\CarEvent.csproj", "{11C757D6-7DCA-4F0C-A3C9-989FD422E680}"
EndProject
Project("{FAE04EC0-301F-11D3-BF4B-00C04F79EFBC}") = "AnonymousMethods", "AnonymousMethods\AnonymousMethods.csproj", "{8650E3A9-7522-4C1D-B0CF-CB6DB0711484}"
EndProject
Project("{FAE04EC0-301F-11D3-BF4B-00C04F79EFBC}") = "SimpleLambdaExpressions", "SimpleLambdaExpressions\SimpleLambdaExpressions.csproj", "{32374EEB-6050-4515-AB42-E7A3B4B630C3}"
EndProject
Project("{FAE04EC0-301F-11D3-BF4B-00C04F79EFBC}") = "IndexersExample", "IndexersExample\IndexersExample.csproj", "{479A4D4A-4E6F-4C8A-9CC2-DDBACC8EEC09}"
EndProject
Project("{FAE04EC0-301F-11D3-BF4B-00C04F79EFBC}") = "OverloadedOps", "OverloadedOps\OverloadedOps.csproj", "{9E97A1D4-AD50-488A-AC8B-18C5044F1A55}"
EndProject
Project("{FAE04EC0-301F-11D3-BF4B-00C04F79EFBC}") = "CustomConversion", "CustomConversion\CustomConversion.csproj", "{CBF7ECE0-F15F-4516-910D-BC9F16F9086A}"
EndProject
Project("{FAE04EC0-301F-11D3-BF4B-00C04F79EFBC}") = "ExtensionMethods", "ExtensionMethods\ExtensionMethods.csproj", "{0C796484-88C6-4F46-817A-EAB26956C745}"
EndProject
Project("{FAE04EC0-301F-11D3-BF4B-00C04F79EFBC}") = "InterfaceExtension", "InterfaceExtension\InterfaceExtension.csproj", "{44254345-9416-48A9-BDD6-E2D3410BE69C}"
EndProject
Project("{FAE04EC0-301F-11D3-BF4B-00C04F79EFBC}") = "AnonymousTypes", "AnonymousTypes\AnonymousTypes.csproj", "{34193ACE-BE2F-411A-B766-2792BDEA9D16}"
EndProject
Project("{FAE04EC0-301F-11D3-BF4B-00C04F79EFBC}") = "DelegatesAndEvents", "DelegatesAndEvents\DelegatesAndEvents.csproj", "{6D65B75A-6631-4736-AA07-80E92920A74C}"
EndProject
Project("{FAE04EC0-301F-11D3-BF4B-00C04F79EFBC}") = "LinqToObjects", "LinqToObjects\LinqToObjects.csproj", "{FE7D2A5E-A0D6-4C0A-A311-B2C2DEBADC5D}"
EndProject
Project("{FAE04EC0-301F-11D3-BF4B-00C04F79EFBC}") = "ClassLibrary1", "ClassLibrary1\ClassLibrary1.csproj", "{6531201C-78D8-4277-9F81-3BC071E06467}"
EndProject
Project("{FAE04EC0-301F-11D3-BF4B-00C04F79EFBC}") = "CarClient", "CarClient\CarClient.csproj", "{7E461A5F-6D46-4B9A-A656-796BCE3A2BEB}"
EndProject
Project("{F184B08F-C81C-45F6-A57F-5ABD9991F28F}") = "VisualBasicCarClient", "VisualBasicCarClient\VisualBasicCarClient.vbproj", "{906EF4E2-56CF-4BDF-BD53-BB4C525BF485}"
EndProject
Global
	GlobalSection(SolutionConfigurationPlatforms) = preSolution
		Debug|Any CPU = Debug|Any CPU
		Debug|x64 = Debug|x64
		Debug|x86 = Debug|x86
		Release|Any CPU = Release|Any CPU
		Release|x64 = Release|x64
		Release|x86 = Release|x86
	EndGlobalSection
	GlobalSection(ProjectConfigurationPlatforms) = postSolution
		{EEBDAC02-B01A-486E-A1BB-DE4BCC554B52}.Debug|Any CPU.ActiveCfg = Debug|Any CPU
		{EEBDAC02-B01A-486E-A1BB-DE4BCC554B52}.Debug|Any CPU.Build.0 = Debug|Any CPU
		{EEBDAC02-B01A-486E-A1BB-DE4BCC554B52}.Debug|x64.ActiveCfg = Debug|Any CPU
		{EEBDAC02-B01A-486E-A1BB-DE4BCC554B52}.Debug|x64.Build.0 = Debug|Any CPU
		{EEBDAC02-B01A-486E-A1BB-DE4BCC554B52}.Debug|x86.ActiveCfg = Debug|Any CPU
		{EEBDAC02-B01A-486E-A1BB-DE4BCC554B52}.Debug|x86.Build.0 = Debug|Any CPU
		{EEBDAC02-B01A-486E-A1BB-DE4BCC554B52}.Release|Any CPU.ActiveCfg = Release|Any CPU
		{EEBDAC02-B01A-486E-A1BB-DE4BCC554B52}.Release|Any CPU.Build.0 = Release|Any CPU
		{EEBDAC02-B01A-486E-A1BB-DE4BCC554B52}.Release|x64.ActiveCfg = Release|Any CPU
		{EEBDAC02-B01A-486E-A1BB-DE4BCC554B52}.Release|x64.Build.0 = Release|Any CPU
		{EEBDAC02-B01A-486E-A1BB-DE4BCC554B52}.Release|x86.ActiveCfg = Release|Any CPU
		{EEBDAC02-B01A-486E-A1BB-DE4BCC554B52}.Release|x86.Build.0 = Release|Any CPU
		{FF723917-4C59-4B66-B584-0B1145BD68C0}.Debug|Any CPU.ActiveCfg = Debug|Any CPU
		{FF723917-4C59-4B66-B584-0B1145BD68C0}.Debug|Any CPU.Build.0 = Debug|Any CPU
		{FF723917-4C59-4B66-B584-0B1145BD68C0}.Debug|x64.ActiveCfg = Debug|Any CPU
		{FF723917-4C59-4B66-B584-0B1145BD68C0}.Debug|x64.Build.0 = Debug|Any CPU
		{FF723917-4C59-4B66-B584-0B1145BD68C0}.Debug|x86.ActiveCfg = Debug|Any CPU
		{FF723917-4C59-4B66-B584-0B1145BD68C0}.Debug|x86.Build.0 = Debug|Any CPU
		{FF723917-4C59-4B66-B584-0B1145BD68C0}.Release|Any CPU.ActiveCfg = Release|Any CPU
		{FF723917-4C59-4B66-B584-0B1145BD68C0}.Release|Any CPU.Build.0 = Release|Any CPU
		{FF723917-4C59-4B66-B584-0B1145BD68C0}.Release|x64.ActiveCfg = Release|Any CPU
		{FF723917-4C59-4B66-B584-0B1145BD68C0}.Release|x64.Build.0 = Release|Any CPU
		{FF723917-4C59-4B66-B584-0B1145BD68C0}.Release|x86.ActiveCfg = Release|Any CPU
		{FF723917-4C59-4B66-B584-0B1145BD68C0}.Release|x86.Build.0 = Release|Any CPU
		{ACA0DD11-72D9-4388-AC6C-999CA604C4E4}.Debug|Any CPU.ActiveCfg = Debug|Any CPU
		{ACA0DD11-72D9-4388-AC6C-999CA604C4E4}.Debug|Any CPU.Build.0 = Debug|Any CPU
		{ACA0DD11-72D9-4388-AC6C-999CA604C4E4}.Debug|x64.ActiveCfg = Debug|Any CPU
		{ACA0DD11-72D9-4388-AC6C-999CA604C4E4}.Debug|x64.Build.0 = Debug|Any CPU
		{ACA0DD11-72D9-4388-AC6C-999CA604C4E4}.Debug|x86.ActiveCfg = Debug|Any CPU
		{ACA0DD11-72D9-4388-AC6C-999CA604C4E4}.Debug|x86.Build.0 = Debug|Any CPU
		{ACA0DD11-72D9-4388-AC6C-999CA604C4E4}.Release|Any CPU.ActiveCfg = Release|Any CPU
		{ACA0DD11-72D9-4388-AC6C-999CA604C4E4}.Release|Any CPU.Build.0 = Release|Any CPU
		{ACA0DD11-72D9-4388-AC6C-999CA604C4E4}.Release|x64.ActiveCfg = Release|Any CPU
		{ACA0DD11-72D9-4388-AC6C-999CA604C4E4}.Release|x64.Build.0 = Release|Any CPU
		{ACA0DD11-72D9-4388-AC6C-999CA604C4E4}.Release|x86.ActiveCfg = Release|Any CPU
		{ACA0DD11-72D9-4388-AC6C-999CA604C4E4}.Release|x86.Build.0 = Release|Any CPU
		{38ED480F-AABB-4FDF-8FCB-FDDEBDCB0F76}.Debug|Any CPU.ActiveCfg = Debug|Any CPU
		{38ED480F-AABB-4FDF-8FCB-FDDEBDCB0F76}.Debug|Any CPU.Build.0 = Debug|Any CPU
		{38ED480F-AABB-4FDF-8FCB-FDDEBDCB0F76}.Debug|x64.ActiveCfg = Debug|Any CPU
		{38ED480F-AABB-4FDF-8FCB-FDDEBDCB0F76}.Debug|x64.Build.0 = Debug|Any CPU
		{38ED480F-AABB-4FDF-8FCB-FDDEBDCB0F76}.Debug|x86.ActiveCfg = Debug|Any CPU
		{38ED480F-AABB-4FDF-8FCB-FDDEBDCB0F76}.Debug|x86.Build.0 = Debug|Any CPU
		{38ED480F-AABB-4FDF-8FCB-FDDEBDCB0F76}.Release|Any CPU.ActiveCfg = Release|Any CPU
		{38ED480F-AABB-4FDF-8FCB-FDDEBDCB0F76}.Release|Any CPU.Build.0 = Release|Any CPU
		{38ED480F-AABB-4FDF-8FCB-FDDEBDCB0F76}.Release|x64.ActiveCfg = Release|Any CPU
		{38ED480F-AABB-4FDF-8FCB-FDDEBDCB0F76}.Release|x64.Build.0 = Release|Any CPU
		{38ED480F-AABB-4FDF-8FCB-FDDEBDCB0F76}.Release|x86.ActiveCfg = Release|Any CPU
		{38ED480F-AABB-4FDF-8FCB-FDDEBDCB0F76}.Release|x86.Build.0 = Release|Any CPU
		{2B3C679D-6BAC-4200-9FD1-A3550635135E}.Debug|Any CPU.ActiveCfg = Debug|Any CPU
		{2B3C679D-6BAC-4200-9FD1-A3550635135E}.Debug|Any CPU.Build.0 = Debug|Any CPU
		{2B3C679D-6BAC-4200-9FD1-A3550635135E}.Debug|x64.ActiveCfg = Debug|Any CPU
		{2B3C679D-6BAC-4200-9FD1-A3550635135E}.Debug|x64.Build.0 = Debug|Any CPU
		{2B3C679D-6BAC-4200-9FD1-A3550635135E}.Debug|x86.ActiveCfg = Debug|Any CPU
		{2B3C679D-6BAC-4200-9FD1-A3550635135E}.Debug|x86.Build.0 = Debug|Any CPU
		{2B3C679D-6BAC-4200-9FD1-A3550635135E}.Release|Any CPU.ActiveCfg = Release|Any CPU
		{2B3C679D-6BAC-4200-9FD1-A3550635135E}.Release|Any CPU.Build.0 = Release|Any CPU
		{2B3C679D-6BAC-4200-9FD1-A3550635135E}.Release|x64.ActiveCfg = Release|Any CPU
		{2B3C679D-6BAC-4200-9FD1-A3550635135E}.Release|x64.Build.0 = Release|Any CPU
		{2B3C679D-6BAC-4200-9FD1-A3550635135E}.Release|x86.ActiveCfg = Release|Any CPU
		{2B3C679D-6BAC-4200-9FD1-A3550635135E}.Release|x86.Build.0 = Release|Any CPU
		{6EAD92BA-7AE9-4FBB-9B19-5A6479966094}.Debug|Any CPU.ActiveCfg = Debug|Any CPU
		{6EAD92BA-7AE9-4FBB-9B19-5A6479966094}.Debug|Any CPU.Build.0 = Debug|Any CPU
		{6EAD92BA-7AE9-4FBB-9B19-5A6479966094}.Debug|x64.ActiveCfg = Debug|Any CPU
		{6EAD92BA-7AE9-4FBB-9B19-5A6479966094}.Debug|x64.Build.0 = Debug|Any CPU
		{6EAD92BA-7AE9-4FBB-9B19-5A6479966094}.Debug|x86.ActiveCfg = Debug|Any CPU
		{6EAD92BA-7AE9-4FBB-9B19-5A6479966094}.Debug|x86.Build.0 = Debug|Any CPU
		{6EAD92BA-7AE9-4FBB-9B19-5A6479966094}.Release|Any CPU.ActiveCfg = Release|Any CPU
		{6EAD92BA-7AE9-4FBB-9B19-5A6479966094}.Release|Any CPU.Build.0 = Release|Any CPU
		{6EAD92BA-7AE9-4FBB-9B19-5A6479966094}.Release|x64.ActiveCfg = Release|Any CPU
		{6EAD92BA-7AE9-4FBB-9B19-5A6479966094}.Release|x64.Build.0 = Release|Any CPU
		{6EAD92BA-7AE9-4FBB-9B19-5A6479966094}.Release|x86.ActiveCfg = Release|Any CPU
		{6EAD92BA-7AE9-4FBB-9B19-5A6479966094}.Release|x86.Build.0 = Release|Any CPU
		{98AC2087-76E1-4E73-9FFF-7834B15CFAA1}.Debug|Any CPU.ActiveCfg = Debug|Any CPU
		{98AC2087-76E1-4E73-9FFF-7834B15CFAA1}.Debug|Any CPU.Build.0 = Debug|Any CPU
		{98AC2087-76E1-4E73-9FFF-7834B15CFAA1}.Debug|x64.ActiveCfg = Debug|Any CPU
		{98AC2087-76E1-4E73-9FFF-7834B15CFAA1}.Debug|x64.Build.0 = Debug|Any CPU
		{98AC2087-76E1-4E73-9FFF-7834B15CFAA1}.Debug|x86.ActiveCfg = Debug|Any CPU
		{98AC2087-76E1-4E73-9FFF-7834B15CFAA1}.Debug|x86.Build.0 = Debug|Any CPU
		{98AC2087-76E1-4E73-9FFF-7834B15CFAA1}.Release|Any CPU.ActiveCfg = Release|Any CPU
		{98AC2087-76E1-4E73-9FFF-7834B15CFAA1}.Release|Any CPU.Build.0 = Release|Any CPU
		{98AC2087-76E1-4E73-9FFF-7834B15CFAA1}.Release|x64.ActiveCfg = Release|Any CPU
		{98AC2087-76E1-4E73-9FFF-7834B15CFAA1}.Release|x64.Build.0 = Release|Any CPU
		{98AC2087-76E1-4E73-9FFF-7834B15CFAA1}.Release|x86.ActiveCfg = Release|Any CPU
		{98AC2087-76E1-4E73-9FFF-7834B15CFAA1}.Release|x86.Build.0 = Release|Any CPU
		{11C757D6-7DCA-4F0C-A3C9-989FD422E680}.Debug|Any CPU.ActiveCfg = Debug|Any CPU
		{11C757D6-7DCA-4F0C-A3C9-989FD422E680}.Debug|Any CPU.Build.0 = Debug|Any CPU
		{11C757D6-7DCA-4F0C-A3C9-989FD422E680}.Debug|x64.ActiveCfg = Debug|Any CPU
		{11C757D6-7DCA-4F0C-A3C9-989FD422E680}.Debug|x64.Build.0 = Debug|Any CPU
		{11C757D6-7DCA-4F0C-A3C9-989FD422E680}.Debug|x86.ActiveCfg = Debug|Any CPU
		{11C757D6-7DCA-4F0C-A3C9-989FD422E680}.Debug|x86.Build.0 = Debug|Any CPU
		{11C757D6-7DCA-4F0C-A3C9-989FD422E680}.Release|Any CPU.ActiveCfg = Release|Any CPU
		{11C757D6-7DCA-4F0C-A3C9-989FD422E680}.Release|Any CPU.Build.0 = Release|Any CPU
		{11C757D6-7DCA-4F0C-A3C9-989FD422E680}.Release|x64.ActiveCfg = Release|Any CPU
		{11C757D6-7DCA-4F0C-A3C9-989FD422E680}.Release|x64.Build.0 = Release|Any CPU
		{11C757D6-7DCA-4F0C-A3C9-989FD422E680}.Release|x86.ActiveCfg = Release|Any CPU
		{11C757D6-7DCA-4F0C-A3C9-989FD422E680}.Release|x86.Build.0 = Release|Any CPU
		{8650E3A9-7522-4C1D-B0CF-CB6DB0711484}.Debug|Any CPU.ActiveCfg = Debug|Any CPU
		{8650E3A9-7522-4C1D-B0CF-CB6DB0711484}.Debug|Any CPU.Build.0 = Debug|Any CPU
		{8650E3A9-7522-4C1D-B0CF-CB6DB0711484}.Debug|x64.ActiveCfg = Debug|Any CPU
		{8650E3A9-7522-4C1D-B0CF-CB6DB0711484}.Debug|x64.Build.0 = Debug|Any CPU
		{8650E3A9-7522-4C1D-B0CF-CB6DB0711484}.Debug|x86.ActiveCfg = Debug|Any CPU
		{8650E3A9-7522-4C1D-B0CF-CB6DB0711484}.Debug|x86.Build.0 = Debug|Any CPU
		{8650E3A9-7522-4C1D-B0CF-CB6DB0711484}.Release|Any CPU.ActiveCfg = Release|Any CPU
		{8650E3A9-7522-4C1D-B0CF-CB6DB0711484}.Release|Any CPU.Build.0 = Release|Any CPU
		{8650E3A9-7522-4C1D-B0CF-CB6DB0711484}.Release|x64.ActiveCfg = Release|Any CPU
		{8650E3A9-7522-4C1D-B0CF-CB6DB0711484}.Release|x64.Build.0 = Release|Any CPU
		{8650E3A9-7522-4C1D-B0CF-CB6DB0711484}.Release|x86.ActiveCfg = Release|Any CPU
		{8650E3A9-7522-4C1D-B0CF-CB6DB0711484}.Release|x86.Build.0 = Release|Any CPU
		{32374EEB-6050-4515-AB42-E7A3B4B630C3}.Debug|Any CPU.ActiveCfg = Debug|Any CPU
		{32374EEB-6050-4515-AB42-E7A3B4B630C3}.Debug|Any CPU.Build.0 = Debug|Any CPU
		{32374EEB-6050-4515-AB42-E7A3B4B630C3}.Debug|x64.ActiveCfg = Debug|Any CPU
		{32374EEB-6050-4515-AB42-E7A3B4B630C3}.Debug|x64.Build.0 = Debug|Any CPU
		{32374EEB-6050-4515-AB42-E7A3B4B630C3}.Debug|x86.ActiveCfg = Debug|Any CPU
		{32374EEB-6050-4515-AB42-E7A3B4B630C3}.Debug|x86.Build.0 = Debug|Any CPU
		{32374EEB-6050-4515-AB42-E7A3B4B630C3}.Release|Any CPU.ActiveCfg = Release|Any CPU
		{32374EEB-6050-4515-AB42-E7A3B4B630C3}.Release|Any CPU.Build.0 = Release|Any CPU
		{32374EEB-6050-4515-AB42-E7A3B4B630C3}.Release|x64.ActiveCfg = Release|Any CPU
		{32374EEB-6050-4515-AB42-E7A3B4B630C3}.Release|x64.Build.0 = Release|Any CPU
		{32374EEB-6050-4515-AB42-E7A3B4B630C3}.Release|x86.ActiveCfg = Release|Any CPU
		{32374EEB-6050-4515-AB42-E7A3B4B630C3}.Release|x86.Build.0 = Release|Any CPU
		{479A4D4A-4E6F-4C8A-9CC2-DDBACC8EEC09}.Debug|Any CPU.ActiveCfg = Debug|Any CPU
		{479A4D4A-4E6F-4C8A-9CC2-DDBACC8EEC09}.Debug|Any CPU.Build.0 = Debug|Any CPU
		{479A4D4A-4E6F-4C8A-9CC2-DDBACC8EEC09}.Debug|x64.ActiveCfg = Debug|Any CPU
		{479A4D4A-4E6F-4C8A-9CC2-DDBACC8EEC09}.Debug|x64.Build.0 = Debug|Any CPU
		{479A4D4A-4E6F-4C8A-9CC2-DDBACC8EEC09}.Debug|x86.ActiveCfg = Debug|Any CPU
		{479A4D4A-4E6F-4C8A-9CC2-DDBACC8EEC09}.Debug|x86.Build.0 = Debug|Any CPU
		{479A4D4A-4E6F-4C8A-9CC2-DDBACC8EEC09}.Release|Any CPU.ActiveCfg = Release|Any CPU
		{479A4D4A-4E6F-4C8A-9CC2-DDBACC8EEC09}.Release|Any CPU.Build.0 = Release|Any CPU
		{479A4D4A-4E6F-4C8A-9CC2-DDBACC8EEC09}.Release|x64.ActiveCfg = Release|Any CPU
		{479A4D4A-4E6F-4C8A-9CC2-DDBACC8EEC09}.Release|x64.Build.0 = Release|Any CPU
		{479A4D4A-4E6F-4C8A-9CC2-DDBACC8EEC09}.Release|x86.ActiveCfg = Release|Any CPU
		{479A4D4A-4E6F-4C8A-9CC2-DDBACC8EEC09}.Release|x86.Build.0 = Release|Any CPU
		{9E97A1D4-AD50-488A-AC8B-18C5044F1A55}.Debug|Any CPU.ActiveCfg = Debug|Any CPU
		{9E97A1D4-AD50-488A-AC8B-18C5044F1A55}.Debug|Any CPU.Build.0 = Debug|Any CPU
		{9E97A1D4-AD50-488A-AC8B-18C5044F1A55}.Debug|x64.ActiveCfg = Debug|Any CPU
		{9E97A1D4-AD50-488A-AC8B-18C5044F1A55}.Debug|x64.Build.0 = Debug|Any CPU
		{9E97A1D4-AD50-488A-AC8B-18C5044F1A55}.Debug|x86.ActiveCfg = Debug|Any CPU
		{9E97A1D4-AD50-488A-AC8B-18C5044F1A55}.Debug|x86.Build.0 = Debug|Any CPU
		{9E97A1D4-AD50-488A-AC8B-18C5044F1A55}.Release|Any CPU.ActiveCfg = Release|Any CPU
		{9E97A1D4-AD50-488A-AC8B-18C5044F1A55}.Release|Any CPU.Build.0 = Release|Any CPU
		{9E97A1D4-AD50-488A-AC8B-18C5044F1A55}.Release|x64.ActiveCfg = Release|Any CPU
		{9E97A1D4-AD50-488A-AC8B-18C5044F1A55}.Release|x64.Build.0 = Release|Any CPU
		{9E97A1D4-AD50-488A-AC8B-18C5044F1A55}.Release|x86.ActiveCfg = Release|Any CPU
		{9E97A1D4-AD50-488A-AC8B-18C5044F1A55}.Release|x86.Build.0 = Release|Any CPU
		{CBF7ECE0-F15F-4516-910D-BC9F16F9086A}.Debug|Any CPU.ActiveCfg = Debug|Any CPU
		{CBF7ECE0-F15F-4516-910D-BC9F16F9086A}.Debug|Any CPU.Build.0 = Debug|Any CPU
		{CBF7ECE0-F15F-4516-910D-BC9F16F9086A}.Debug|x64.ActiveCfg = Debug|Any CPU
		{CBF7ECE0-F15F-4516-910D-BC9F16F9086A}.Debug|x64.Build.0 = Debug|Any CPU
		{CBF7ECE0-F15F-4516-910D-BC9F16F9086A}.Debug|x86.ActiveCfg = Debug|Any CPU
		{CBF7ECE0-F15F-4516-910D-BC9F16F9086A}.Debug|x86.Build.0 = Debug|Any CPU
		{CBF7ECE0-F15F-4516-910D-BC9F16F9086A}.Release|Any CPU.ActiveCfg = Release|Any CPU
		{CBF7ECE0-F15F-4516-910D-BC9F16F9086A}.Release|Any CPU.Build.0 = Release|Any CPU
		{CBF7ECE0-F15F-4516-910D-BC9F16F9086A}.Release|x64.ActiveCfg = Release|Any CPU
		{CBF7ECE0-F15F-4516-910D-BC9F16F9086A}.Release|x64.Build.0 = Release|Any CPU
		{CBF7ECE0-F15F-4516-910D-BC9F16F9086A}.Release|x86.ActiveCfg = Release|Any CPU
		{CBF7ECE0-F15F-4516-910D-BC9F16F9086A}.Release|x86.Build.0 = Release|Any CPU
		{0C796484-88C6-4F46-817A-EAB26956C745}.Debug|Any CPU.ActiveCfg = Debug|Any CPU
		{0C796484-88C6-4F46-817A-EAB26956C745}.Debug|Any CPU.Build.0 = Debug|Any CPU
		{0C796484-88C6-4F46-817A-EAB26956C745}.Debug|x64.ActiveCfg = Debug|Any CPU
		{0C796484-88C6-4F46-817A-EAB26956C745}.Debug|x64.Build.0 = Debug|Any CPU
		{0C796484-88C6-4F46-817A-EAB26956C745}.Debug|x86.ActiveCfg = Debug|Any CPU
		{0C796484-88C6-4F46-817A-EAB26956C745}.Debug|x86.Build.0 = Debug|Any CPU
		{0C796484-88C6-4F46-817A-EAB26956C745}.Release|Any CPU.ActiveCfg = Release|Any CPU
		{0C796484-88C6-4F46-817A-EAB26956C745}.Release|Any CPU.Build.0 = Release|Any CPU
		{0C796484-88C6-4F46-817A-EAB26956C745}.Release|x64.ActiveCfg = Release|Any CPU
		{0C796484-88C6-4F46-817A-EAB26956C745}.Release|x64.Build.0 = Release|Any CPU
		{0C796484-88C6-4F46-817A-EAB26956C745}.Release|x86.ActiveCfg = Release|Any CPU
		{0C796484-88C6-4F46-817A-EAB26956C745}.Release|x86.Build.0 = Release|Any CPU
		{44254345-9416-48A9-BDD6-E2D3410BE69C}.Debug|Any CPU.ActiveCfg = Debug|Any CPU
		{44254345-9416-48A9-BDD6-E2D3410BE69C}.Debug|Any CPU.Build.0 = Debug|Any CPU
		{44254345-9416-48A9-BDD6-E2D3410BE69C}.Debug|x64.ActiveCfg = Debug|Any CPU
		{44254345-9416-48A9-BDD6-E2D3410BE69C}.Debug|x64.Build.0 = Debug|Any CPU
		{44254345-9416-48A9-BDD6-E2D3410BE69C}.Debug|x86.ActiveCfg = Debug|Any CPU
		{44254345-9416-48A9-BDD6-E2D3410BE69C}.Debug|x86.Build.0 = Debug|Any CPU
		{44254345-9416-48A9-BDD6-E2D3410BE69C}.Release|Any CPU.ActiveCfg = Release|Any CPU
		{44254345-9416-48A9-BDD6-E2D3410BE69C}.Release|Any CPU.Build.0 = Release|Any CPU
		{44254345-9416-48A9-BDD6-E2D3410BE69C}.Release|x64.ActiveCfg = Release|Any CPU
		{44254345-9416-48A9-BDD6-E2D3410BE69C}.Release|x64.Build.0 = Release|Any CPU
		{44254345-9416-48A9-BDD6-E2D3410BE69C}.Release|x86.ActiveCfg = Release|Any CPU
		{44254345-9416-48A9-BDD6-E2D3410BE69C}.Release|x86.Build.0 = Release|Any CPU
		{34193ACE-BE2F-411A-B766-2792BDEA9D16}.Debug|Any CPU.ActiveCfg = Debug|Any CPU
		{34193ACE-BE2F-411A-B766-2792BDEA9D16}.Debug|Any CPU.Build.0 = Debug|Any CPU
		{34193ACE-BE2F-411A-B766-2792BDEA9D16}.Debug|x64.ActiveCfg = Debug|Any CPU
		{34193ACE-BE2F-411A-B766-2792BDEA9D16}.Debug|x64.Build.0 = Debug|Any CPU
		{34193ACE-BE2F-411A-B766-2792BDEA9D16}.Debug|x86.ActiveCfg = Debug|Any CPU
		{34193ACE-BE2F-411A-B766-2792BDEA9D16}.Debug|x86.Build.0 = Debug|Any CPU
		{34193ACE-BE2F-411A-B766-2792BDEA9D16}.Release|Any CPU.ActiveCfg = Release|Any CPU
		{34193ACE-BE2F-411A-B766-2792BDEA9D16}.Release|Any CPU.Build.0 = Release|Any CPU
		{34193ACE-BE2F-411A-B766-2792BDEA9D16}.Release|x64.ActiveCfg = Release|Any CPU
		{34193ACE-BE2F-411A-B766-2792BDEA9D16}.Release|x64.Build.0 = Release|Any CPU
		{34193ACE-BE2F-411A-B766-2792BDEA9D16}.Release|x86.ActiveCfg = Release|Any CPU
		{34193ACE-BE2F-411A-B766-2792BDEA9D16}.Release|x86.Build.0 = Release|Any CPU
		{6D65B75A-6631-4736-AA07-80E92920A74C}.Debug|Any CPU.ActiveCfg = Debug|Any CPU
		{6D65B75A-6631-4736-AA07-80E92920A74C}.Debug|Any CPU.Build.0 = Debug|Any CPU
		{6D65B75A-6631-4736-AA07-80E92920A74C}.Debug|x64.ActiveCfg = Debug|Any CPU
		{6D65B75A-6631-4736-AA07-80E92920A74C}.Debug|x64.Build.0 = Debug|Any CPU
		{6D65B75A-6631-4736-AA07-80E92920A74C}.Debug|x86.ActiveCfg = Debug|Any CPU
		{6D65B75A-6631-4736-AA07-80E92920A74C}.Debug|x86.Build.0 = Debug|Any CPU
		{6D65B75A-6631-4736-AA07-80E92920A74C}.Release|Any CPU.ActiveCfg = Release|Any CPU
		{6D65B75A-6631-4736-AA07-80E92920A74C}.Release|Any CPU.Build.0 = Release|Any CPU
		{6D65B75A-6631-4736-AA07-80E92920A74C}.Release|x64.ActiveCfg = Release|Any CPU
		{6D65B75A-6631-4736-AA07-80E92920A74C}.Release|x64.Build.0 = Release|Any CPU
		{6D65B75A-6631-4736-AA07-80E92920A74C}.Release|x86.ActiveCfg = Release|Any CPU
		{6D65B75A-6631-4736-AA07-80E92920A74C}.Release|x86.Build.0 = Release|Any CPU
		{FE7D2A5E-A0D6-4C0A-A311-B2C2DEBADC5D}.Debug|Any CPU.ActiveCfg = Debug|Any CPU
		{FE7D2A5E-A0D6-4C0A-A311-B2C2DEBADC5D}.Debug|Any CPU.Build.0 = Debug|Any CPU
		{FE7D2A5E-A0D6-4C0A-A311-B2C2DEBADC5D}.Debug|x64.ActiveCfg = Debug|Any CPU
		{FE7D2A5E-A0D6-4C0A-A311-B2C2DEBADC5D}.Debug|x64.Build.0 = Debug|Any CPU
		{FE7D2A5E-A0D6-4C0A-A311-B2C2DEBADC5D}.Debug|x86.ActiveCfg = Debug|Any CPU
		{FE7D2A5E-A0D6-4C0A-A311-B2C2DEBADC5D}.Debug|x86.Build.0 = Debug|Any CPU
		{FE7D2A5E-A0D6-4C0A-A311-B2C2DEBADC5D}.Release|Any CPU.ActiveCfg = Release|Any CPU
		{FE7D2A5E-A0D6-4C0A-A311-B2C2DEBADC5D}.Release|Any CPU.Build.0 = Release|Any CPU
		{FE7D2A5E-A0D6-4C0A-A311-B2C2DEBADC5D}.Release|x64.ActiveCfg = Release|Any CPU
		{FE7D2A5E-A0D6-4C0A-A311-B2C2DEBADC5D}.Release|x64.Build.0 = Release|Any CPU
		{FE7D2A5E-A0D6-4C0A-A311-B2C2DEBADC5D}.Release|x86.ActiveCfg = Release|Any CPU
		{FE7D2A5E-A0D6-4C0A-A311-B2C2DEBADC5D}.Release|x86.Build.0 = Release|Any CPU
		{6531201C-78D8-4277-9F81-3BC071E06467}.Debug|Any CPU.ActiveCfg = Debug|Any CPU
		{6531201C-78D8-4277-9F81-3BC071E06467}.Debug|Any CPU.Build.0 = Debug|Any CPU
		{6531201C-78D8-4277-9F81-3BC071E06467}.Debug|x64.ActiveCfg = Debug|Any CPU
		{6531201C-78D8-4277-9F81-3BC071E06467}.Debug|x64.Build.0 = Debug|Any CPU
		{6531201C-78D8-4277-9F81-3BC071E06467}.Debug|x86.ActiveCfg = Debug|Any CPU
		{6531201C-78D8-4277-9F81-3BC071E06467}.Debug|x86.Build.0 = Debug|Any CPU
		{6531201C-78D8-4277-9F81-3BC071E06467}.Release|Any CPU.ActiveCfg = Release|Any CPU
		{6531201C-78D8-4277-9F81-3BC071E06467}.Release|Any CPU.Build.0 = Release|Any CPU
		{6531201C-78D8-4277-9F81-3BC071E06467}.Release|x64.ActiveCfg = Release|Any CPU
		{6531201C-78D8-4277-9F81-3BC071E06467}.Release|x64.Build.0 = Release|Any CPU
		{6531201C-78D8-4277-9F81-3BC071E06467}.Release|x86.ActiveCfg = Release|Any CPU
		{6531201C-78D8-4277-9F81-3BC071E06467}.Release|x86.Build.0 = Release|Any CPU
		{7E461A5F-6D46-4B9A-A656-796BCE3A2BEB}.Debug|Any CPU.ActiveCfg = Debug|Any CPU
		{7E461A5F-6D46-4B9A-A656-796BCE3A2BEB}.Debug|Any CPU.Build.0 = Debug|Any CPU
		{7E461A5F-6D46-4B9A-A656-796BCE3A2BEB}.Debug|x64.ActiveCfg = Debug|Any CPU
		{7E461A5F-6D46-4B9A-A656-796BCE3A2BEB}.Debug|x64.Build.0 = Debug|Any CPU
		{7E461A5F-6D46-4B9A-A656-796BCE3A2BEB}.Debug|x86.ActiveCfg = Debug|Any CPU
		{7E461A5F-6D46-4B9A-A656-796BCE3A2BEB}.Debug|x86.Build.0 = Debug|Any CPU
		{7E461A5F-6D46-4B9A-A656-796BCE3A2BEB}.Release|Any CPU.ActiveCfg = Release|Any CPU
		{7E461A5F-6D46-4B9A-A656-796BCE3A2BEB}.Release|Any CPU.Build.0 = Release|Any CPU
		{7E461A5F-6D46-4B9A-A656-796BCE3A2BEB}.Release|x64.ActiveCfg = Release|Any CPU
		{7E461A5F-6D46-4B9A-A656-796BCE3A2BEB}.Release|x64.Build.0 = Release|Any CPU
		{7E461A5F-6D46-4B9A-A656-796BCE3A2BEB}.Release|x86.ActiveCfg = Release|Any CPU
		{7E461A5F-6D46-4B9A-A656-796BCE3A2BEB}.Release|x86.Build.0 = Release|Any CPU
		{906EF4E2-56CF-4BDF-BD53-BB4C525BF485}.Debug|Any CPU.ActiveCfg = Debug|Any CPU
		{906EF4E2-56CF-4BDF-BD53-BB4C525BF485}.Debug|Any CPU.Build.0 = Debug|Any CPU
		{906EF4E2-56CF-4BDF-BD53-BB4C525BF485}.Debug|x64.ActiveCfg = Debug|Any CPU
		{906EF4E2-56CF-4BDF-BD53-BB4C525BF485}.Debug|x64.Build.0 = Debug|Any CPU
		{906EF4E2-56CF-4BDF-BD53-BB4C525BF485}.Debug|x86.ActiveCfg = Debug|Any CPU
		{906EF4E2-56CF-4BDF-BD53-BB4C525BF485}.Debug|x86.Build.0 = Debug|Any CPU
		{906EF4E2-56CF-4BDF-BD53-BB4C525BF485}.Release|Any CPU.ActiveCfg = Release|Any CPU
		{906EF4E2-56CF-4BDF-BD53-BB4C525BF485}.Release|Any CPU.Build.0 = Release|Any CPU
		{906EF4E2-56CF-4BDF-BD53-BB4C525BF485}.Release|x64.ActiveCfg = Release|Any CPU
		{906EF4E2-56CF-4BDF-BD53-BB4C525BF485}.Release|x64.Build.0 = Release|Any CPU
		{906EF4E2-56CF-4BDF-BD53-BB4C525BF485}.Release|x86.ActiveCfg = Release|Any CPU
		{906EF4E2-56CF-4BDF-BD53-BB4C525BF485}.Release|x86.Build.0 = Release|Any CPU
	EndGlobalSection
	GlobalSection(SolutionProperties) = preSolution
		HideSolutionNode = FALSE
	EndGlobalSection
	GlobalSection(ExtensibilityGlobals) = postSolution
		SolutionGuid = {94F6C786-7856-4417-82DA-54FDDEC02D56}
	EndGlobalSection
EndGlobal
